
Microsoft Visual Studio Solution File, Format Version 12.00
# Visual Studio Version 16
VisualStudioVersion = 16.0.35229.62
MinimumVisualStudioVersion = 10.0.40219.1
Project("{FAE04EC0-301F-11D3-BF4B-00C04F79EFBC}") = "ProcesadorSoportesMinisterio", "ProcesadorSoportesMinisterio.csproj", "{5B38D02E-8A3F-4BFB-84DC-20EC7EC2EF16}"
EndProject
Global
	GlobalSection(SolutionConfigurationPlatforms) = preSolution
		Debug|Any CPU = Debug|Any CPU
		Release|Any CPU = Release|Any CPU
	EndGlobalSection
	GlobalSection(ProjectConfigurationPlatforms) = postSolution
		{5B38D02E-8A3F-4BFB-84DC-20EC7EC2EF16}.Debug|Any CPU.ActiveCfg = Debug|Any CPU
		{5B38D02E-8A3F-4BFB-84DC-20EC7EC2EF16}.Debug|Any CPU.Build.0 = Debug|Any CPU
		{5B38D02E-8A3F-4BFB-84DC-20EC7EC2EF16}.Release|Any CPU.ActiveCfg = Release|Any CPU
		{5B38D02E-8A3F-4BFB-84DC-20EC7EC2EF16}.Release|Any CPU.Build.0 = Release|Any CPU
	EndGlobalSection
	GlobalSection(SolutionProperties) = preSolution
		HideSolutionNode = FALSE
	EndGlobalSection
	GlobalSection(ExtensibilityGlobals) = postSolution
		SolutionGuid = {8BB24DC4-118F-42EA-BAAA-7E4CDBA66815}
	EndGlobalSection
EndGlobal
